{
  "nodes": {
    "nixpkgs-unstable": {
      "locked": {
        "lastModified": 1709038661,
        "narHash": "sha256-Ys611iT6pChGv954aa4f8oKoDKJG3IXjJjPhnj6uaLY=",
        "owner": "NixOS",
        "repo": "nixpkgs",
        "rev": "8520c158aee718c6e87b56881105fc4223c3c723",
        "type": "github"
      },
      "original": {
        "owner": "NixOS",
        "ref": "nixpkgs-unstable",
        "repo": "nixpkgs",
        "type": "github"
      }
    },
    "root": {
      "inputs": {
        "nixpkgs-unstable": "nixpkgs-unstable"
      }
    }
  },
  "root": "root",
  "version": 7
}
